
Microsoft Visual Studio Solution File, Format Version 12.00
# Visual Studio Version 17
VisualStudioVersion = 17.0.31903.59
MinimumVisualStudioVersion = 10.0.40219.1
Project("{FAE04EC0-301F-11D3-BF4B-00C04F79EFBC}") = "InstitutFroebel.API", "InstitutFroebel.API\InstitutFroebel.API.csproj", "{5EDF8ABD-08D6-4B08-BB8E-9E774EEB251C}"
EndProject
Project("{FAE04EC0-301F-11D3-BF4B-00C04F79EFBC}") = "InstitutFroebel.Core", "InstitutFroebel.Core\InstitutFroebel.Core.csproj", "{F926E744-B456-4818-99DF-4A9D9F16656D}"
EndProject
Project("{FAE04EC0-301F-11D3-BF4B-00C04F79EFBC}") = "InstitutFroebel.Infrastructure", "InstitutFroebel.Infrastructure\InstitutFroebel.Infrastructure.csproj", "{4133D8BE-0EE9-444A-B8C5-6DB8A55C3A02}"
EndProject
Global
	GlobalSection(SolutionConfigurationPlatforms) = preSolution
		Debug|Any CPU = Debug|Any CPU
		Debug|x64 = Debug|x64
		Debug|x86 = Debug|x86
		Release|Any CPU = Release|Any CPU
		Release|x64 = Release|x64
		Release|x86 = Release|x86
	EndGlobalSection
	GlobalSection(ProjectConfigurationPlatforms) = postSolution
		{5EDF8ABD-08D6-4B08-BB8E-9E774EEB251C}.Debug|Any CPU.ActiveCfg = Debug|Any CPU
		{5EDF8ABD-08D6-4B08-BB8E-9E774EEB251C}.Debug|Any CPU.Build.0 = Debug|Any CPU
		{5EDF8ABD-08D6-4B08-BB8E-9E774EEB251C}.Debug|x64.ActiveCfg = Debug|Any CPU
		{5EDF8ABD-08D6-4B08-BB8E-9E774EEB251C}.Debug|x64.Build.0 = Debug|Any CPU
		{5EDF8ABD-08D6-4B08-BB8E-9E774EEB251C}.Debug|x86.ActiveCfg = Debug|Any CPU
		{5EDF8ABD-08D6-4B08-BB8E-9E774EEB251C}.Debug|x86.Build.0 = Debug|Any CPU
		{5EDF8ABD-08D6-4B08-BB8E-9E774EEB251C}.Release|Any CPU.ActiveCfg = Release|Any CPU
		{5EDF8ABD-08D6-4B08-BB8E-9E774EEB251C}.Release|Any CPU.Build.0 = Release|Any CPU
		{5EDF8ABD-08D6-4B08-BB8E-9E774EEB251C}.Release|x64.ActiveCfg = Release|Any CPU
		{5EDF8ABD-08D6-4B08-BB8E-9E774EEB251C}.Release|x64.Build.0 = Release|Any CPU
		{5EDF8ABD-08D6-4B08-BB8E-9E774EEB251C}.Release|x86.ActiveCfg = Release|Any CPU
		{5EDF8ABD-08D6-4B08-BB8E-9E774EEB251C}.Release|x86.Build.0 = Release|Any CPU
		{F926E744-B456-4818-99DF-4A9D9F16656D}.Debug|Any CPU.ActiveCfg = Debug|Any CPU
		{F926E744-B456-4818-99DF-4A9D9F16656D}.Debug|Any CPU.Build.0 = Debug|Any CPU
		{F926E744-B456-4818-99DF-4A9D9F16656D}.Debug|x64.ActiveCfg = Debug|Any CPU
		{F926E744-B456-4818-99DF-4A9D9F16656D}.Debug|x64.Build.0 = Debug|Any CPU
		{F926E744-B456-4818-99DF-4A9D9F16656D}.Debug|x86.ActiveCfg = Debug|Any CPU
		{F926E744-B456-4818-99DF-4A9D9F16656D}.Debug|x86.Build.0 = Debug|Any CPU
		{F926E744-B456-4818-99DF-4A9D9F16656D}.Release|Any CPU.ActiveCfg = Release|Any CPU
		{F926E744-B456-4818-99DF-4A9D9F16656D}.Release|Any CPU.Build.0 = Release|Any CPU
		{F926E744-B456-4818-99DF-4A9D9F16656D}.Release|x64.ActiveCfg = Release|Any CPU
		{F926E744-B456-4818-99DF-4A9D9F16656D}.Release|x64.Build.0 = Release|Any CPU
		{F926E744-B456-4818-99DF-4A9D9F16656D}.Release|x86.ActiveCfg = Release|Any CPU
		{F926E744-B456-4818-99DF-4A9D9F16656D}.Release|x86.Build.0 = Release|Any CPU
		{4133D8BE-0EE9-444A-B8C5-6DB8A55C3A02}.Debug|Any CPU.ActiveCfg = Debug|Any CPU
		{4133D8BE-0EE9-444A-B8C5-6DB8A55C3A02}.Debug|Any CPU.Build.0 = Debug|Any CPU
		{4133D8BE-0EE9-444A-B8C5-6DB8A55C3A02}.Debug|x64.ActiveCfg = Debug|Any CPU
		{4133D8BE-0EE9-444A-B8C5-6DB8A55C3A02}.Debug|x64.Build.0 = Debug|Any CPU
		{4133D8BE-0EE9-444A-B8C5-6DB8A55C3A02}.Debug|x86.ActiveCfg = Debug|Any CPU
		{4133D8BE-0EE9-444A-B8C5-6DB8A55C3A02}.Debug|x86.Build.0 = Debug|Any CPU
		{4133D8BE-0EE9-444A-B8C5-6DB8A55C3A02}.Release|Any CPU.ActiveCfg = Release|Any CPU
		{4133D8BE-0EE9-444A-B8C5-6DB8A55C3A02}.Release|Any CPU.Build.0 = Release|Any CPU
		{4133D8BE-0EE9-444A-B8C5-6DB8A55C3A02}.Release|x64.ActiveCfg = Release|Any CPU
		{4133D8BE-0EE9-444A-B8C5-6DB8A55C3A02}.Release|x64.Build.0 = Release|Any CPU
		{4133D8BE-0EE9-444A-B8C5-6DB8A55C3A02}.Release|x86.ActiveCfg = Release|Any CPU
		{4133D8BE-0EE9-444A-B8C5-6DB8A55C3A02}.Release|x86.Build.0 = Release|Any CPU
	EndGlobalSection
	GlobalSection(SolutionProperties) = preSolution
		HideSolutionNode = FALSE
	EndGlobalSection
EndGlobal
